
Microsoft Visual Studio Solution File, Format Version 12.00
# Visual Studio Version 16
VisualStudioVersion = 16.0.29424.173
MinimumVisualStudioVersion = 10.0.40219.1
Project("{9A19103F-16F7-4668-BE54-9A1E7A4F7556}") = "FFTriangleApp", "FFTriangleApp\FFTriangleApp.csproj", "{073973DF-97A7-42FD-AB89-865863B180C4}"
EndProject
Project("{FAE04EC0-301F-11D3-BF4B-00C04F79EFBC}") = "Services", "Services\Services.csproj", "{B3BFBC01-0E30-4FF3-8FA1-345ACFC17F2C}"
EndProject
Project("{FAE04EC0-301F-11D3-BF4B-00C04F79EFBC}") = "Data", "Data\Data.csproj", "{91C24E4C-368F-4953-88B3-E69DC847C4EF}"
EndProject
Project("{FAE04EC0-301F-11D3-BF4B-00C04F79EFBC}") = "Model", "Model\Model.csproj", "{5ED90B85-5EA8-4E91-8804-8117D9A1DDC7}"
EndProject
Project("{FAE04EC0-301F-11D3-BF4B-00C04F79EFBC}") = "FFTriangleApp.Tests", "FFTriangleApp.Tests\FFTriangleApp.Tests.csproj", "{F9F3EA79-B52F-44DD-BF49-373250525673}"
EndProject
Global
	GlobalSection(SolutionConfigurationPlatforms) = preSolution
		Debug|Any CPU = Debug|Any CPU
		Release|Any CPU = Release|Any CPU
	EndGlobalSection
	GlobalSection(ProjectConfigurationPlatforms) = postSolution
		{073973DF-97A7-42FD-AB89-865863B180C4}.Debug|Any CPU.ActiveCfg = Debug|Any CPU
		{073973DF-97A7-42FD-AB89-865863B180C4}.Debug|Any CPU.Build.0 = Debug|Any CPU
		{073973DF-97A7-42FD-AB89-865863B180C4}.Release|Any CPU.ActiveCfg = Release|Any CPU
		{073973DF-97A7-42FD-AB89-865863B180C4}.Release|Any CPU.Build.0 = Release|Any CPU
		{B3BFBC01-0E30-4FF3-8FA1-345ACFC17F2C}.Debug|Any CPU.ActiveCfg = Debug|Any CPU
		{B3BFBC01-0E30-4FF3-8FA1-345ACFC17F2C}.Debug|Any CPU.Build.0 = Debug|Any CPU
		{B3BFBC01-0E30-4FF3-8FA1-345ACFC17F2C}.Release|Any CPU.ActiveCfg = Release|Any CPU
		{B3BFBC01-0E30-4FF3-8FA1-345ACFC17F2C}.Release|Any CPU.Build.0 = Release|Any CPU
		{91C24E4C-368F-4953-88B3-E69DC847C4EF}.Debug|Any CPU.ActiveCfg = Debug|Any CPU
		{91C24E4C-368F-4953-88B3-E69DC847C4EF}.Debug|Any CPU.Build.0 = Debug|Any CPU
		{91C24E4C-368F-4953-88B3-E69DC847C4EF}.Release|Any CPU.ActiveCfg = Release|Any CPU
		{91C24E4C-368F-4953-88B3-E69DC847C4EF}.Release|Any CPU.Build.0 = Release|Any CPU
		{5ED90B85-5EA8-4E91-8804-8117D9A1DDC7}.Debug|Any CPU.ActiveCfg = Debug|Any CPU
		{5ED90B85-5EA8-4E91-8804-8117D9A1DDC7}.Debug|Any CPU.Build.0 = Debug|Any CPU
		{5ED90B85-5EA8-4E91-8804-8117D9A1DDC7}.Release|Any CPU.ActiveCfg = Release|Any CPU
		{5ED90B85-5EA8-4E91-8804-8117D9A1DDC7}.Release|Any CPU.Build.0 = Release|Any CPU
		{F9F3EA79-B52F-44DD-BF49-373250525673}.Debug|Any CPU.ActiveCfg = Debug|Any CPU
		{F9F3EA79-B52F-44DD-BF49-373250525673}.Debug|Any CPU.Build.0 = Debug|Any CPU
		{F9F3EA79-B52F-44DD-BF49-373250525673}.Release|Any CPU.ActiveCfg = Release|Any CPU
		{F9F3EA79-B52F-44DD-BF49-373250525673}.Release|Any CPU.Build.0 = Release|Any CPU
	EndGlobalSection
	GlobalSection(SolutionProperties) = preSolution
		HideSolutionNode = FALSE
	EndGlobalSection
	GlobalSection(ExtensibilityGlobals) = postSolution
		SolutionGuid = {C2DBD101-093E-49D3-9BE3-A1C9D1BF9E8B}
	EndGlobalSection
EndGlobal
